
Microsoft Visual Studio Solution File, Format Version 12.00
# Visual Studio Version 16
VisualStudioVersion = 16.0.30204.135
MinimumVisualStudioVersion = 10.0.40219.1
Project("{FAE04EC0-301F-11D3-BF4B-00C04F79EFBC}") = "UnfairHangman", "UnfairHangman.csproj", "{87201CEA-5B3D-4DBE-A7E2-1616257463CF}"
EndProject
Global
	GlobalSection(SolutionConfigurationPlatforms) = preSolution
		Debug|Any CPU = Debug|Any CPU
		Release|Any CPU = Release|Any CPU
	EndGlobalSection
	GlobalSection(ProjectConfigurationPlatforms) = postSolution
		{87201CEA-5B3D-4DBE-A7E2-1616257463CF}.Debug|Any CPU.ActiveCfg = Debug|Any CPU
		{87201CEA-5B3D-4DBE-A7E2-1616257463CF}.Debug|Any CPU.Build.0 = Debug|Any CPU
		{87201CEA-5B3D-4DBE-A7E2-1616257463CF}.Release|Any CPU.ActiveCfg = Release|Any CPU
		{87201CEA-5B3D-4DBE-A7E2-1616257463CF}.Release|Any CPU.Build.0 = Release|Any CPU
	EndGlobalSection
	GlobalSection(SolutionProperties) = preSolution
		HideSolutionNode = FALSE
	EndGlobalSection
	GlobalSection(ExtensibilityGlobals) = postSolution
		SolutionGuid = {E85B8EAE-E08D-4E51-89CE-9108C2017C2E}
	EndGlobalSection
EndGlobal
